
Microsoft Visual Studio Solution File, Format Version 12.00
# Visual Studio Version 17
VisualStudioVersion = 17.4.33110.190
MinimumVisualStudioVersion = 10.0.40219.1
Project("{888888A0-9F3D-457C-B088-3A5042F75D52}") = "SecretSanta", "SecretSanta\SecretSanta.pyproj", "{5556B179-469A-460F-BD4C-C028EF1DA38A}"
EndProject
Global
	GlobalSection(SolutionConfigurationPlatforms) = preSolution
		Debug|Any CPU = Debug|Any CPU
		Release|Any CPU = Release|Any CPU
	EndGlobalSection
	GlobalSection(ProjectConfigurationPlatforms) = postSolution
		{5556B179-469A-460F-BD4C-C028EF1DA38A}.Debug|Any CPU.ActiveCfg = Debug|Any CPU
		{5556B179-469A-460F-BD4C-C028EF1DA38A}.Release|Any CPU.ActiveCfg = Release|Any CPU
	EndGlobalSection
	GlobalSection(SolutionProperties) = preSolution
		HideSolutionNode = FALSE
	EndGlobalSection
	GlobalSection(ExtensibilityGlobals) = postSolution
		SolutionGuid = {6B9BB203-BA2E-4DF0-A037-8A5399356779}
	EndGlobalSection
EndGlobal
